{
  "name": "cocktail_web_app",
  "lockfileVersion": 3,
  "requires": true,
  "packages": {
    "": {
      "dependencies": {
        "@nathanvda/cocoon": "^1.2.14",
        "cocoon-js-vanilla": "^1.3.0",
        "jquery": "^3.7.1"
      }
    },
    "node_modules/@nathanvda/cocoon": {
      "version": "1.2.14",
      "resolved": "https://registry.npmjs.org/@nathanvda/cocoon/-/cocoon-1.2.14.tgz",
      "integrity": "sha512-WcEt2vVp50de2i7rkD4O+96O1iMtMIcTBNGPocrHfcmHDujKOngoLHFF8Ektgoh8PjwFAJMxx8WyGv0BtKTjxQ==",
      "license": "MIT",
      "dependencies": {
        "jquery": "^3.3.1"
      }
    },
    "node_modules/cocoon-js-vanilla": {
      "version": "1.3.0",
      "resolved": "https://registry.npmjs.org/cocoon-js-vanilla/-/cocoon-js-vanilla-1.3.0.tgz",
      "integrity": "sha512-rMnbfW6oFhvELUg141vfqZKzsowfLJRxs5FksfmDr1ZBs6LTNVYE63NQyvgRqyYUOK54cKKbI+V83dQKeeRuPg=="
    },
    "node_modules/jquery": {
      "version": "3.7.1",
      "resolved": "https://registry.npmjs.org/jquery/-/jquery-3.7.1.tgz",
      "integrity": "sha512-m4avr8yL8kmFN8psrbFFFmB/If14iN5o9nw/NgnnM+kybDJpRsAynV2BsfpTYrTRysYUdADVD7CkUUizgkpLfg==",
      "license": "MIT"
    }
  }
}
